
Microsoft Visual Studio Solution File, Format Version 12.00
# Visual Studio Version 16
VisualStudioVersion = 16.0.32413.511
MinimumVisualStudioVersion = 10.0.40219.1
Project("{FAE04EC0-301F-11D3-BF4B-00C04F79EFBC}") = "GerenciadorCondominios", "GerenciadorCondominios\GerenciadorCondominios.csproj", "{1C196449-B1BF-4AEA-AAA9-B04D6A1006DA}"
EndProject
Project("{FAE04EC0-301F-11D3-BF4B-00C04F79EFBC}") = "GerenciadorCondominios.BLL", "GerenciadorCondominios.BLL\GerenciadorCondominios.BLL.csproj", "{3FDE73B9-D8FE-4EBA-A493-E23D4183B99A}"
EndProject
Project("{FAE04EC0-301F-11D3-BF4B-00C04F79EFBC}") = "GerenciadorCondominios.DAL", "GerenciadorCondominios.DAL\GerenciadorCondominios.DAL.csproj", "{2029C775-2615-4215-BFDE-FD0586C6F687}"
EndProject
Global
	GlobalSection(SolutionConfigurationPlatforms) = preSolution
		Debug|Any CPU = Debug|Any CPU
		Release|Any CPU = Release|Any CPU
	EndGlobalSection
	GlobalSection(ProjectConfigurationPlatforms) = postSolution
		{1C196449-B1BF-4AEA-AAA9-B04D6A1006DA}.Debug|Any CPU.ActiveCfg = Debug|Any CPU
		{1C196449-B1BF-4AEA-AAA9-B04D6A1006DA}.Debug|Any CPU.Build.0 = Debug|Any CPU
		{1C196449-B1BF-4AEA-AAA9-B04D6A1006DA}.Release|Any CPU.ActiveCfg = Release|Any CPU
		{1C196449-B1BF-4AEA-AAA9-B04D6A1006DA}.Release|Any CPU.Build.0 = Release|Any CPU
		{3FDE73B9-D8FE-4EBA-A493-E23D4183B99A}.Debug|Any CPU.ActiveCfg = Debug|Any CPU
		{3FDE73B9-D8FE-4EBA-A493-E23D4183B99A}.Debug|Any CPU.Build.0 = Debug|Any CPU
		{3FDE73B9-D8FE-4EBA-A493-E23D4183B99A}.Release|Any CPU.ActiveCfg = Release|Any CPU
		{3FDE73B9-D8FE-4EBA-A493-E23D4183B99A}.Release|Any CPU.Build.0 = Release|Any CPU
		{2029C775-2615-4215-BFDE-FD0586C6F687}.Debug|Any CPU.ActiveCfg = Debug|Any CPU
		{2029C775-2615-4215-BFDE-FD0586C6F687}.Debug|Any CPU.Build.0 = Debug|Any CPU
		{2029C775-2615-4215-BFDE-FD0586C6F687}.Release|Any CPU.ActiveCfg = Release|Any CPU
		{2029C775-2615-4215-BFDE-FD0586C6F687}.Release|Any CPU.Build.0 = Release|Any CPU
	EndGlobalSection
	GlobalSection(SolutionProperties) = preSolution
		HideSolutionNode = FALSE
	EndGlobalSection
	GlobalSection(ExtensibilityGlobals) = postSolution
		SolutionGuid = {28F2AFC4-973C-40FA-944B-D55072614199}
	EndGlobalSection
EndGlobal
